
Microsoft Visual Studio Solution File, Format Version 12.00
# Visual Studio Version 17
VisualStudioVersion = 17.3.32804.467
MinimumVisualStudioVersion = 10.0.40219.1
Project("{9A19103F-16F7-4668-BE54-9A1E7A4F7556}") = "StoryGame", "StoryGame.csproj", "{7957007E-BB80-44DD-86D7-B268F91A6F18}"
EndProject
Global
	GlobalSection(SolutionConfigurationPlatforms) = preSolution
		Debug|Any CPU = Debug|Any CPU
		Release|Any CPU = Release|Any CPU
	EndGlobalSection
	GlobalSection(ProjectConfigurationPlatforms) = postSolution
		{7957007E-BB80-44DD-86D7-B268F91A6F18}.Debug|Any CPU.ActiveCfg = Debug|Any CPU
		{7957007E-BB80-44DD-86D7-B268F91A6F18}.Debug|Any CPU.Build.0 = Debug|Any CPU
		{7957007E-BB80-44DD-86D7-B268F91A6F18}.Release|Any CPU.ActiveCfg = Release|Any CPU
		{7957007E-BB80-44DD-86D7-B268F91A6F18}.Release|Any CPU.Build.0 = Release|Any CPU
	EndGlobalSection
	GlobalSection(SolutionProperties) = preSolution
		HideSolutionNode = FALSE
	EndGlobalSection
	GlobalSection(ExtensibilityGlobals) = postSolution
		SolutionGuid = {F529534B-67EE-478B-9B72-3CE7DC509A9D}
	EndGlobalSection
EndGlobal
